
Microsoft Visual Studio Solution File, Format Version 12.00
# Visual Studio 15
VisualStudioVersion = 15.0.26124.0
MinimumVisualStudioVersion = 15.0.26124.0
Project("{FAE04EC0-301F-11D3-BF4B-00C04F79EFBC}") = "Mvc", "Mvc\Mvc.csproj", "{70CB32B6-BBA3-4829-A761-CDE9B92B11BC}"
EndProject
Project("{FAE04EC0-301F-11D3-BF4B-00C04F79EFBC}") = "Dominio", "Dominio\Dominio.csproj", "{05F92DF0-9271-49A7-8915-1427904CF176}"
EndProject
Project("{FAE04EC0-301F-11D3-BF4B-00C04F79EFBC}") = "Dados", "Dados\Dados.csproj", "{8A6ADDAB-2960-4C3C-9C4D-6C3851E5DA3E}"
EndProject
Global
	GlobalSection(SolutionConfigurationPlatforms) = preSolution
		Debug|Any CPU = Debug|Any CPU
		Debug|x64 = Debug|x64
		Debug|x86 = Debug|x86
		Release|Any CPU = Release|Any CPU
		Release|x64 = Release|x64
		Release|x86 = Release|x86
	EndGlobalSection
	GlobalSection(SolutionProperties) = preSolution
		HideSolutionNode = FALSE
	EndGlobalSection
	GlobalSection(ProjectConfigurationPlatforms) = postSolution
		{70CB32B6-BBA3-4829-A761-CDE9B92B11BC}.Debug|Any CPU.ActiveCfg = Debug|Any CPU
		{70CB32B6-BBA3-4829-A761-CDE9B92B11BC}.Debug|Any CPU.Build.0 = Debug|Any CPU
		{70CB32B6-BBA3-4829-A761-CDE9B92B11BC}.Debug|x64.ActiveCfg = Debug|Any CPU
		{70CB32B6-BBA3-4829-A761-CDE9B92B11BC}.Debug|x64.Build.0 = Debug|Any CPU
		{70CB32B6-BBA3-4829-A761-CDE9B92B11BC}.Debug|x86.ActiveCfg = Debug|Any CPU
		{70CB32B6-BBA3-4829-A761-CDE9B92B11BC}.Debug|x86.Build.0 = Debug|Any CPU
		{70CB32B6-BBA3-4829-A761-CDE9B92B11BC}.Release|Any CPU.ActiveCfg = Release|Any CPU
		{70CB32B6-BBA3-4829-A761-CDE9B92B11BC}.Release|Any CPU.Build.0 = Release|Any CPU
		{70CB32B6-BBA3-4829-A761-CDE9B92B11BC}.Release|x64.ActiveCfg = Release|Any CPU
		{70CB32B6-BBA3-4829-A761-CDE9B92B11BC}.Release|x64.Build.0 = Release|Any CPU
		{70CB32B6-BBA3-4829-A761-CDE9B92B11BC}.Release|x86.ActiveCfg = Release|Any CPU
		{70CB32B6-BBA3-4829-A761-CDE9B92B11BC}.Release|x86.Build.0 = Release|Any CPU
		{05F92DF0-9271-49A7-8915-1427904CF176}.Debug|Any CPU.ActiveCfg = Debug|Any CPU
		{05F92DF0-9271-49A7-8915-1427904CF176}.Debug|Any CPU.Build.0 = Debug|Any CPU
		{05F92DF0-9271-49A7-8915-1427904CF176}.Debug|x64.ActiveCfg = Debug|Any CPU
		{05F92DF0-9271-49A7-8915-1427904CF176}.Debug|x64.Build.0 = Debug|Any CPU
		{05F92DF0-9271-49A7-8915-1427904CF176}.Debug|x86.ActiveCfg = Debug|Any CPU
		{05F92DF0-9271-49A7-8915-1427904CF176}.Debug|x86.Build.0 = Debug|Any CPU
		{05F92DF0-9271-49A7-8915-1427904CF176}.Release|Any CPU.ActiveCfg = Release|Any CPU
		{05F92DF0-9271-49A7-8915-1427904CF176}.Release|Any CPU.Build.0 = Release|Any CPU
		{05F92DF0-9271-49A7-8915-1427904CF176}.Release|x64.ActiveCfg = Release|Any CPU
		{05F92DF0-9271-49A7-8915-1427904CF176}.Release|x64.Build.0 = Release|Any CPU
		{05F92DF0-9271-49A7-8915-1427904CF176}.Release|x86.ActiveCfg = Release|Any CPU
		{05F92DF0-9271-49A7-8915-1427904CF176}.Release|x86.Build.0 = Release|Any CPU
		{8A6ADDAB-2960-4C3C-9C4D-6C3851E5DA3E}.Debug|Any CPU.ActiveCfg = Debug|Any CPU
		{8A6ADDAB-2960-4C3C-9C4D-6C3851E5DA3E}.Debug|Any CPU.Build.0 = Debug|Any CPU
		{8A6ADDAB-2960-4C3C-9C4D-6C3851E5DA3E}.Debug|x64.ActiveCfg = Debug|Any CPU
		{8A6ADDAB-2960-4C3C-9C4D-6C3851E5DA3E}.Debug|x64.Build.0 = Debug|Any CPU
		{8A6ADDAB-2960-4C3C-9C4D-6C3851E5DA3E}.Debug|x86.ActiveCfg = Debug|Any CPU
		{8A6ADDAB-2960-4C3C-9C4D-6C3851E5DA3E}.Debug|x86.Build.0 = Debug|Any CPU
		{8A6ADDAB-2960-4C3C-9C4D-6C3851E5DA3E}.Release|Any CPU.ActiveCfg = Release|Any CPU
		{8A6ADDAB-2960-4C3C-9C4D-6C3851E5DA3E}.Release|Any CPU.Build.0 = Release|Any CPU
		{8A6ADDAB-2960-4C3C-9C4D-6C3851E5DA3E}.Release|x64.ActiveCfg = Release|Any CPU
		{8A6ADDAB-2960-4C3C-9C4D-6C3851E5DA3E}.Release|x64.Build.0 = Release|Any CPU
		{8A6ADDAB-2960-4C3C-9C4D-6C3851E5DA3E}.Release|x86.ActiveCfg = Release|Any CPU
		{8A6ADDAB-2960-4C3C-9C4D-6C3851E5DA3E}.Release|x86.Build.0 = Release|Any CPU
	EndGlobalSection
EndGlobal
